<?xml version="1.0" encoding="utf-8"?>
<Project ToolsVersion="4.0" xmlns="http://schemas.microsoft.com/developer/msbuild/2003">
  <ItemGroup>
    <Filter Include="Assets">
      <UniqueIdentifier>{aa2dff80-cc46-4aaa-9c9e-7784c2a0cdf0}</UniqueIdentifier>
    </Filter>
    <Filter Include="Assets\modelData">
      <UniqueIdentifier>{a27dfd5d-af93-4623-b084-aad00b7739c4}</UniqueIdentifier>
    </Filter>
    <Filter Include="Assets\sprite">
      <UniqueIdentifier>{65207ce4-f7c2-4100-933f-2b5d633c116a}</UniqueIdentifier>
    </Filter>
    <Filter Include="Main&amp;Game">
      <UniqueIdentifier>{63dcc52c-71f9-4936-976c-6d5b45135ccf}</UniqueIdentifier>
    </Filter>
    <Filter Include="Game">
      <UniqueIdentifier>{8f61c064-546a-4254-a387-7eb9530e6bcc}</UniqueIdentifier>
    </Filter>
    <Filter Include="Engine">
      <UniqueIdentifier>{364dd86b-3f15-4c20-b648-67b3831eda87}</UniqueIdentifier>
    </Filter>
    <Filter Include="Game\OP">
      <UniqueIdentifier>{bf43ce53-ed89-467a-8612-60ca3562d2b6}</UniqueIdentifier>
    </Filter>
    <Filter Include="Engine\physics">
      <UniqueIdentifier>{1eed4cab-11aa-4e90-960a-a01360c5a392}</UniqueIdentifier>
    </Filter>
    <Filter Include="Engine\sound">
      <UniqueIdentifier>{f9911bd2-7591-48e8-b83f-f57a6be3f983}</UniqueIdentifier>
    </Filter>
    <Filter Include="Engine\system">
      <UniqueIdentifier>{48b58c60-bbe2-40d8-9d2f-e81d065b6820}</UniqueIdentifier>
    </Filter>
    <Filter Include="Engine\math">
      <UniqueIdentifier>{39e7f303-3dac-4bde-bedf-33a5497f262e}</UniqueIdentifier>
    </Filter>
    <Filter Include="Game\LoadLevel">
      <UniqueIdentifier>{8d26bc9f-47c1-4178-a3f4-a9b9588637dd}</UniqueIdentifier>
    </Filter>
    <Filter Include="Game\Player">
      <UniqueIdentifier>{e6069f4e-0819-43e1-8657-55347c8ff83d}</UniqueIdentifier>
    </Filter>
    <Filter Include="Game\Pose">
      <UniqueIdentifier>{7dd33e0c-65eb-49ff-992e-e96d1e64a534}</UniqueIdentifier>
    </Filter>
    <Filter Include="Game\Result">
      <UniqueIdentifier>{1780fc67-dfc4-4595-ae52-c11e75df0a32}</UniqueIdentifier>
    </Filter>
    <Filter Include="Game\Title">
      <UniqueIdentifier>{3160188e-dd70-4f51-9cf4-d4606a998613}</UniqueIdentifier>
    </Filter>
    <Filter Include="Engine\HID">
      <UniqueIdentifier>{bbdeed04-d9d3-4ff9-bb44-9d888be6899a}</UniqueIdentifier>
    </Filter>
    <Filter Include="Engine\graphics">
      <UniqueIdentifier>{b7a9a0ab-a792-43fe-a5a7-760b8c976aca}</UniqueIdentifier>
    </Filter>
    <Filter Include="Engine\graphics\animation">
      <UniqueIdentifier>{d83ac002-5cd8-4ff4-977a-e7b5ebce5263}</UniqueIdentifier>
    </Filter>
    <Filter Include="Engine\graphics\Camera">
      <UniqueIdentifier>{29e91e11-6e71-469f-b5fd-9eec3aeafee9}</UniqueIdentifier>
    </Filter>
    <Filter Include="Engine\graphics\GraphicsEngine">
      <UniqueIdentifier>{aa57afd4-e7ab-4cfb-be2c-2ad5200437a6}</UniqueIdentifier>
    </Filter>
    <Filter Include="Engine\graphics\Shader">
      <UniqueIdentifier>{50404ec3-2a06-49e5-8de2-10823a236d9a}</UniqueIdentifier>
    </Filter>
    <Filter Include="Engine\graphics\Skeleton">
      <UniqueIdentifier>{299e5eb2-3291-4b36-9dc1-98abb2085921}</UniqueIdentifier>
    </Filter>
    <Filter Include="Engine\graphics\SkinModel">
      <UniqueIdentifier>{290bb6f3-adc4-450d-8379-76021beeed51}</UniqueIdentifier>
    </Filter>
    <Filter Include="Engine\level">
      <UniqueIdentifier>{73eacaf4-a5db-4539-ab55-83b9c5d4807c}</UniqueIdentifier>
    </Filter>
    <Filter Include="Game\Floor">
      <UniqueIdentifier>{bcde93f3-6348-4dc4-9ce5-1e2cf954cfd1}</UniqueIdentifier>
    </Filter>
    <Filter Include="Game\Enemy">
      <UniqueIdentifier>{522a7a12-684b-4846-b9e4-f8b74728c655}</UniqueIdentifier>
    </Filter>
    <Filter Include="Engine\sprite">
      <UniqueIdentifier>{870d025f-6008-4837-812c-4396bc1af47f}</UniqueIdentifier>
    </Filter>
    <Filter Include="Engine\render">
      <UniqueIdentifier>{b0089d51-9d89-49d0-a822-cc357445b98f}</UniqueIdentifier>
    </Filter>
    <Filter Include="Engine\render\RenderState">
      <UniqueIdentifier>{078e97f7-7a70-42b9-a835-7064c319ea01}</UniqueIdentifier>
    </Filter>
    <Filter Include="Engine\render\RenderTarget">
      <UniqueIdentifier>{a470e91e-1171-4041-9bc7-dc795ba22612}</UniqueIdentifier>
    </Filter>
    <Filter Include="Engine\shadowMap">
      <UniqueIdentifier>{0fc2f8c5-3229-4c4e-b59a-dd6a6a45b2fa}</UniqueIdentifier>
    </Filter>
    <Filter Include="Engine\DebugWireframe">
      <UniqueIdentifier>{9a74b2a5-ecf6-4a3b-a80c-8bfdae491b6c}</UniqueIdentifier>
    </Filter>
    <Filter Include="Engine\GameObject">
      <UniqueIdentifier>{6749290a-8668-422e-bab7-2aca61452668}</UniqueIdentifier>
    </Filter>
    <Filter Include="Engine\Character">
      <UniqueIdentifier>{c57b7107-f9f3-4b72-8f3e-8644593ed533}</UniqueIdentifier>
    </Filter>
    <Filter Include="Game\Goal">
      <UniqueIdentifier>{8f4fb70b-55af-4cfd-8726-500a494773c2}</UniqueIdentifier>
    </Filter>
    <Filter Include="Game\Enemy\AStar">
      <UniqueIdentifier>{683f2e8b-9ce1-4e8a-8a39-a39d527afaac}</UniqueIdentifier>
    </Filter>
    <Filter Include="Game\Enemy\Navmesh">
      <UniqueIdentifier>{401a9ca0-5080-4020-87ef-a4c6550598cc}</UniqueIdentifier>
    </Filter>
    <Filter Include="Game\UI">
      <UniqueIdentifier>{8a451f2c-c8f5-4e6c-988a-a5481d8c811c}</UniqueIdentifier>
    </Filter>
    <Filter Include="Game\Player\Bullet">
      <UniqueIdentifier>{fea57c69-62e0-4740-bc38-ec5e2243e5a5}</UniqueIdentifier>
    </Filter>
    <Filter Include="Game\Player\Player">
      <UniqueIdentifier>{4eaee890-9916-4309-9d9b-e39d858a5f5a}</UniqueIdentifier>
    </Filter>
    <Filter Include="Engine\font">
      <UniqueIdentifier>{d44b41bc-418b-49e5-8f8b-3178f04fd8f0}</UniqueIdentifier>
    </Filter>
    <Filter Include="Game\Ball">
      <UniqueIdentifier>{814a6cea-a4d6-4ed3-a046-6ea2cdcfd541}</UniqueIdentifier>
    </Filter>
    <Filter Include="Game\BulletStack">
      <UniqueIdentifier>{557bc44e-5784-48b9-a4cf-0b32c24a0417}</UniqueIdentifier>
    </Filter>
    <Filter Include="Game\RockDoor">
      <UniqueIdentifier>{29c3b63b-d8c9-4ba0-9af5-c81ff6ea5ab9}</UniqueIdentifier>
    </Filter>
    <Filter Include="Game\Camera">
      <UniqueIdentifier>{3bc132de-25ab-496d-b3a5-216adeb3c59e}</UniqueIdentifier>
    </Filter>
    <Filter Include="Engine\resource">
      <UniqueIdentifier>{47fe27fd-12ee-49b6-918a-535b68d3a76d}</UniqueIdentifier>
    </Filter>
    <Filter Include="Game\Map">
      <UniqueIdentifier>{50f595c6-d3ec-4353-98f5-b84ea0920c39}</UniqueIdentifier>
    </Filter>
  </ItemGroup>
  <ItemGroup>
    <ClCompile Include="math\Vector.cpp">
      <Filter>Engine\math</Filter>
    </ClCompile>
    <ClCompile Include="math\kMath.cpp">
      <Filter>Engine\math</Filter>
    </ClCompile>
    <ClCompile Include="math\Matrix.cpp">
      <Filter>Engine\math</Filter>
    </ClCompile>
    <ClCompile Include="graphics\animation\Animation.cpp">
      <Filter>Engine\graphics\animation</Filter>
    </ClCompile>
    <ClCompile Include="graphics\animation\AnimationClip.cpp">
      <Filter>Engine\graphics\animation</Filter>
    </ClCompile>
    <ClCompile Include="graphics\animation\AnimationPlayController.cpp">
      <Filter>Engine\graphics\animation</Filter>
    </ClCompile>
    <ClCompile Include="HID\Pad.cpp">
      <Filter>Engine\HID</Filter>
    </ClCompile>
    <ClCompile Include="system\system.cpp">
      <Filter>Engine\system</Filter>
    </ClCompile>
    <ClCompile Include="physics\RigidBody.cpp">
      <Filter>Engine\physics</Filter>
    </ClCompile>
    <ClCompile Include="physics\Physics.cpp">
      <Filter>Engine\physics</Filter>
    </ClCompile>
    <ClCompile Include="physics\MeshCollider.cpp">
      <Filter>Engine\physics</Filter>
    </ClCompile>
    <ClCompile Include="physics\CapsuleCollider.cpp">
      <Filter>Engine\physics</Filter>
    </ClCompile>
    <ClCompile Include="physics\PhysicsStaticObject.cpp">
      <Filter>Engine\physics</Filter>
    </ClCompile>
    <ClCompile Include="character\CharacterController.cpp">
      <Filter>Engine\Character</Filter>
    </ClCompile>
    <ClCompile Include="level\Level.cpp">
      <Filter>Engine\level</Filter>
    </ClCompile>
    <ClCompile Include="level\MapChip.cpp">
      <Filter>Engine\level</Filter>
    </ClCompile>
    <ClCompile Include="graphics\Sprite.cpp">
      <Filter>Engine\sprite</Filter>
    </ClCompile>
    <ClCompile Include="SpriteRender.cpp">
      <Filter>Engine\sprite</Filter>
    </ClCompile>
    <ClCompile Include="DebugWireframe.cpp">
      <Filter>Engine\DebugWireframe</Filter>
    </ClCompile>
    <ClCompile Include="Title.cpp">
      <Filter>Game\Title</Filter>
    </ClCompile>
    <ClCompile Include="GameObjectManager.cpp">
      <Filter>Engine\GameObject</Filter>
    </ClCompile>
    <ClCompile Include="Navimesh.cpp">
      <Filter>Game\Enemy\Navmesh</Filter>
    </ClCompile>
    <ClCompile Include="Game.cpp">
      <Filter>Main&amp;Game</Filter>
    </ClCompile>
    <ClCompile Include="main.cpp">
      <Filter>Main&amp;Game</Filter>
    </ClCompile>
    <ClCompile Include="stdafx.cpp">
      <Filter>Main&amp;Game</Filter>
    </ClCompile>
    <ClCompile Include="RenderState.cpp">
      <Filter>Engine\render\RenderState</Filter>
    </ClCompile>
    <ClCompile Include="RenderTarget.cpp">
      <Filter>Engine\render\RenderTarget</Filter>
    </ClCompile>
    <ClCompile Include="graphics\Camera.cpp">
      <Filter>Engine\graphics\Camera</Filter>
    </ClCompile>
    <ClCompile Include="graphics\GraphicsEngine.cpp">
      <Filter>Engine\graphics\GraphicsEngine</Filter>
    </ClCompile>
    <ClCompile Include="graphics\Shader.cpp">
      <Filter>Engine\graphics\Shader</Filter>
    </ClCompile>
    <ClCompile Include="graphics\ShaderResources.cpp">
      <Filter>Engine\graphics\Shader</Filter>
    </ClCompile>
    <ClCompile Include="graphics\Skeleton.cpp">
      <Filter>Engine\graphics\Skeleton</Filter>
    </ClCompile>
    <ClCompile Include="AStar.cpp">
      <Filter>Game\Enemy\AStar</Filter>
    </ClCompile>
    <ClCompile Include="ShadowMap.cpp">
      <Filter>Engine\shadowMap</Filter>
    </ClCompile>
    <ClCompile Include="Floor.cpp">
      <Filter>Game\Floor</Filter>
    </ClCompile>
    <ClCompile Include="LoadLevel.cpp">
      <Filter>Game\LoadLevel</Filter>
    </ClCompile>
    <ClCompile Include="Zombie.cpp">
      <Filter>Game\Enemy</Filter>
    </ClCompile>
    <ClCompile Include="physics\BoxCollider.cpp">
      <Filter>Engine\physics</Filter>
    </ClCompile>
    <ClCompile Include="GameCamera.cpp">
      <Filter>Game\Camera</Filter>
    </ClCompile>
    <ClCompile Include="Goal.cpp">
      <Filter>Game\Goal</Filter>
    </ClCompile>
    <ClCompile Include="Result.cpp">
      <Filter>Game\Result</Filter>
    </ClCompile>
    <ClCompile Include="sound\WaveFile.cpp">
      <Filter>Engine\sound</Filter>
    </ClCompile>
    <ClCompile Include="sound\WaveFileBank.cpp">
      <Filter>Engine\sound</Filter>
    </ClCompile>
    <ClCompile Include="sound\SoundEngine.cpp">
      <Filter>Engine\sound</Filter>
    </ClCompile>
    <ClCompile Include="sound\SoundSource.cpp">
      <Filter>Engine\sound</Filter>
    </ClCompile>
    <ClCompile Include="Pose.cpp">
      <Filter>Game\Pose</Filter>
    </ClCompile>
    <ClCompile Include="Opening.cpp">
      <Filter>Game\OP</Filter>
    </ClCompile>
    <ClCompile Include="graphics\font\Font.cpp">
      <Filter>Engine\font</Filter>
    </ClCompile>
    <ClCompile Include="FontRender.cpp">
      <Filter>Engine\font</Filter>
    </ClCompile>
    <ClCompile Include="UI.cpp">
      <Filter>Game\UI</Filter>
    </ClCompile>
    <ClCompile Include="Bullet.cpp">
      <Filter>Game\Player\Bullet</Filter>
    </ClCompile>
    <ClCompile Include="Player.cpp">
      <Filter>Game\Player\Player</Filter>
    </ClCompile>
    <ClCompile Include="Ball.cpp">
      <Filter>Game\Ball</Filter>
    </ClCompile>
    <ClCompile Include="BulletStack.cpp">
      <Filter>Game\BulletStack</Filter>
    </ClCompile>
    <ClCompile Include="RockDoor.cpp">
      <Filter>Game\RockDoor</Filter>
    </ClCompile>
    <ClCompile Include="graphics\SkinModel.cpp">
      <Filter>Engine\graphics\SkinModel</Filter>
    </ClCompile>
    <ClCompile Include="graphics\SkinModelDataManager.cpp">
      <Filter>Engine\graphics\SkinModel</Filter>
    </ClCompile>
    <ClCompile Include="graphics\SkinModelEffect.cpp">
      <Filter>Engine\graphics\SkinModel</Filter>
    </ClCompile>
    <ClCompile Include="SkinModelRender.cpp">
      <Filter>Engine\graphics\SkinModel</Filter>
    </ClCompile>
    <ClCompile Include="MapCamera.cpp">
      <Filter>Game\Camera</Filter>
    </ClCompile>
    <ClCompile Include="SphereCollider.cpp">
      <Filter>Engine\physics</Filter>
    </ClCompile>
    <ClCompile Include="CameraCollisionSolver.cpp">
      <Filter>Engine\graphics\Camera</Filter>
    </ClCompile>
    <ClCompile Include="SpringCamera.cpp">
      <Filter>Engine\graphics\Camera</Filter>
    </ClCompile>
    <ClCompile Include="Map.cpp">
      <Filter>Game\Map</Filter>
    </ClCompile>
    <ClCompile Include="Ceiling.cpp" />
  </ItemGroup>
  <ItemGroup>
    <ClInclude Include="math\Vector.h">
      <Filter>Engine\math</Filter>
    </ClInclude>
    <ClInclude Include="math\kMath.h">
      <Filter>Engine\math</Filter>
    </ClInclude>
    <ClInclude Include="math\Matrix.h">
      <Filter>Engine\math</Filter>
    </ClInclude>
    <ClInclude Include="graphics\animation\Animation.h">
      <Filter>Engine\graphics\animation</Filter>
    </ClInclude>
    <ClInclude Include="graphics\animation\AnimationClip.h">
      <Filter>Engine\graphics\animation</Filter>
    </ClInclude>
    <ClInclude Include="graphics\animation\AnimationPlayController.h">
      <Filter>Engine\graphics\animation</Filter>
    </ClInclude>
    <ClInclude Include="HID\Pad.h">
      <Filter>Engine\HID</Filter>
    </ClInclude>
    <ClInclude Include="system\system.h">
      <Filter>Engine\system</Filter>
    </ClInclude>
    <ClInclude Include="physics\RigidBody.h">
      <Filter>Engine\physics</Filter>
    </ClInclude>
    <ClInclude Include="physics\Physics.h">
      <Filter>Engine\physics</Filter>
    </ClInclude>
    <ClInclude Include="physics\ICollider.h">
      <Filter>Engine\physics</Filter>
    </ClInclude>
    <ClInclude Include="physics\MeshCollider.h">
      <Filter>Engine\physics</Filter>
    </ClInclude>
    <ClInclude Include="physics\CapsuleCollider.h">
      <Filter>Engine\physics</Filter>
    </ClInclude>
    <ClInclude Include="physics\CollisionAttr.h">
      <Filter>Engine\physics</Filter>
    </ClInclude>
    <ClInclude Include="physics\PhysicsStaticObject.h">
      <Filter>Engine\physics</Filter>
    </ClInclude>
    <ClInclude Include="character\CharacterController.h">
      <Filter>Engine\Character</Filter>
    </ClInclude>
    <ClInclude Include="level\Level.h">
      <Filter>Engine\level</Filter>
    </ClInclude>
    <ClInclude Include="level\MapChip.h">
      <Filter>Engine\level</Filter>
    </ClInclude>
    <ClInclude Include="graphics\Sprite.h">
      <Filter>Engine\sprite</Filter>
    </ClInclude>
    <ClInclude Include="SpriteRender.h">
      <Filter>Engine\sprite</Filter>
    </ClInclude>
    <ClInclude Include="DebugWireframe.h">
      <Filter>Engine\DebugWireframe</Filter>
    </ClInclude>
    <ClInclude Include="Title.h">
      <Filter>Game\Title</Filter>
    </ClInclude>
    <ClInclude Include="GameCamera.h">
      <Filter>Game\Camera</Filter>
    </ClInclude>
    <ClInclude Include="IGameObject.h">
      <Filter>Engine\GameObject</Filter>
    </ClInclude>
    <ClInclude Include="GameObjectManager.h">
      <Filter>Engine\GameObject</Filter>
    </ClInclude>
    <ClInclude Include="Navimesh.h">
      <Filter>Game\Enemy\Navmesh</Filter>
    </ClInclude>
    <ClInclude Include="Game.h">
      <Filter>Main&amp;Game</Filter>
    </ClInclude>
    <ClInclude Include="stdafx.h">
      <Filter>Main&amp;Game</Filter>
    </ClInclude>
    <ClInclude Include="RenderState.h">
      <Filter>Engine\render\RenderState</Filter>
    </ClInclude>
    <ClInclude Include="RenderTarget.h">
      <Filter>Engine\render\RenderTarget</Filter>
    </ClInclude>
    <ClInclude Include="graphics\Camera.h">
      <Filter>Engine\graphics\Camera</Filter>
    </ClInclude>
    <ClInclude Include="graphics\GraphicsEngine.h">
      <Filter>Engine\graphics\GraphicsEngine</Filter>
    </ClInclude>
    <ClInclude Include="graphics\Shader.h">
      <Filter>Engine\graphics\Shader</Filter>
    </ClInclude>
    <ClInclude Include="graphics\ShaderResources.h">
      <Filter>Engine\graphics\Shader</Filter>
    </ClInclude>
    <ClInclude Include="graphics\Skeleton.h">
      <Filter>Engine\graphics\Skeleton</Filter>
    </ClInclude>
    <ClInclude Include="AStar.h">
      <Filter>Game\Enemy\AStar</Filter>
    </ClInclude>
    <ClInclude Include="ShadowMap.h">
      <Filter>Engine\shadowMap</Filter>
    </ClInclude>
    <ClInclude Include="Floor.h">
      <Filter>Game\Floor</Filter>
    </ClInclude>
    <ClInclude Include="LoadLevel.h">
      <Filter>Game\LoadLevel</Filter>
    </ClInclude>
    <ClInclude Include="Zombie.h">
      <Filter>Game\Enemy</Filter>
    </ClInclude>
    <ClInclude Include="physics\BoxCollider.h">
      <Filter>Engine\physics</Filter>
    </ClInclude>
    <ClInclude Include="Goal.h">
      <Filter>Game\Goal</Filter>
    </ClInclude>
    <ClInclude Include="Result.h">
      <Filter>Game\Result</Filter>
    </ClInclude>
    <ClInclude Include="sound\WaveFile.h">
      <Filter>Engine\sound</Filter>
    </ClInclude>
    <ClInclude Include="sound\WaveFileBank.h">
      <Filter>Engine\sound</Filter>
    </ClInclude>
    <ClInclude Include="sound\SoundEngine.h">
      <Filter>Engine\sound</Filter>
    </ClInclude>
    <ClInclude Include="sound\SoundSource.h">
      <Filter>Engine\sound</Filter>
    </ClInclude>
    <ClInclude Include="Pose.h">
      <Filter>Game\Pose</Filter>
    </ClInclude>
    <ClInclude Include="Opening.h">
      <Filter>Game\OP</Filter>
    </ClInclude>
    <ClInclude Include="graphics\font\Font.h">
      <Filter>Engine\font</Filter>
    </ClInclude>
    <ClInclude Include="FontRender.h">
      <Filter>Engine\font</Filter>
    </ClInclude>
    <ClInclude Include="UI.h">
      <Filter>Game\UI</Filter>
    </ClInclude>
    <ClInclude Include="Bullet.h">
      <Filter>Game\Player\Bullet</Filter>
    </ClInclude>
    <ClInclude Include="Player.h">
      <Filter>Game\Player\Player</Filter>
    </ClInclude>
    <ClInclude Include="Ball.h">
      <Filter>Game\Ball</Filter>
    </ClInclude>
    <ClInclude Include="BulletStack.h">
      <Filter>Game\BulletStack</Filter>
    </ClInclude>
    <ClInclude Include="RockDoor.h">
      <Filter>Game\RockDoor</Filter>
    </ClInclude>
    <ClInclude Include="graphics\SkinModel.h">
      <Filter>Engine\graphics\SkinModel</Filter>
    </ClInclude>
    <ClInclude Include="graphics\SkinModelDataManager.h">
      <Filter>Engine\graphics\SkinModel</Filter>
    </ClInclude>
    <ClInclude Include="graphics\SkinModelEffect.h">
      <Filter>Engine\graphics\SkinModel</Filter>
    </ClInclude>
    <ClInclude Include="SkinModelRender.h">
      <Filter>Engine\graphics\SkinModel</Filter>
    </ClInclude>
    <ClInclude Include="graphics\SkinModelShaderConst.h">
      <Filter>Engine\graphics\SkinModel</Filter>
    </ClInclude>
    <ClInclude Include="MapCamera.h">
      <Filter>Game\Camera</Filter>
    </ClInclude>
    <ClInclude Include="SphereCollider.h">
      <Filter>Engine\physics</Filter>
    </ClInclude>
    <ClInclude Include="GameTime.h">
      <Filter>Engine</Filter>
    </ClInclude>
    <ClInclude Include="CameraCollisionSolver.h">
      <Filter>Engine\graphics\Camera</Filter>
    </ClInclude>
    <ClInclude Include="SpringCamera.h">
      <Filter>Engine\graphics\Camera</Filter>
    </ClInclude>
    <ClInclude Include="resource.h">
      <Filter>Engine\resource</Filter>
    </ClInclude>
    <ClInclude Include="Map.h">
      <Filter>Game\Map</Filter>
    </ClInclude>
    <ClInclude Include="Ceiling.h" />
  </ItemGroup>
  <ItemGroup>
    <ImageContentTask Include="Assets\sprite\moca.PNG">
      <Filter>Assets\sprite</Filter>
    </ImageContentTask>
    <ImageContentTask Include="Assets\sprite\title.png">
      <Filter>Assets\sprite</Filter>
    </ImageContentTask>
    <ImageContentTask Include="Assets\sprite\aim.png">
      <Filter>Assets\sprite</Filter>
    </ImageContentTask>
    <ImageContentTask Include="Assets\sprite\damage.png">
      <Filter>Assets\sprite</Filter>
    </ImageContentTask>
    <ImageContentTask Include="Assets\sprite\gameover.png">
      <Filter>Assets\sprite</Filter>
    </ImageContentTask>
    <ImageContentTask Include="Assets\sprite\clear.png">
      <Filter>Assets\sprite</Filter>
    </ImageContentTask>
    <ImageContentTask Include="Assets\sprite\event1.png">
      <Filter>Assets\sprite</Filter>
    </ImageContentTask>
    <ImageContentTask Include="Assets\sprite\event2.png">
      <Filter>Assets\sprite</Filter>
    </ImageContentTask>
    <ImageContentTask Include="Assets\sprite\item_menu.png">
      <Filter>Assets\sprite</Filter>
    </ImageContentTask>
    <ImageContentTask Include="Assets\sprite\player_icon.png" />
    <ImageContentTask Include="Assets\sprite\map.png">
      <Filter>Assets\sprite</Filter>
    </ImageContentTask>
  </ItemGroup>
  <ItemGroup>
    <MeshContentTask Include="Assets\modelData\battlefield\floor.FBX">
      <Filter>Assets\modelData</Filter>
    </MeshContentTask>
    <MeshContentTask Include="Assets\modelData\player\player.fbx">
      <Filter>Assets\modelData</Filter>
    </MeshContentTask>
    <MeshContentTask Include="Assets\modelData\zombie\zombie.fbx">
      <Filter>Assets\modelData</Filter>
    </MeshContentTask>
    <MeshContentTask Include="Assets\modelData\mapChip\stage.fbx">
      <Filter>Assets\modelData</Filter>
    </MeshContentTask>
    <MeshContentTask Include="Assets\modelData\debug\debugbox.fbx">
      <Filter>Assets\modelData</Filter>
    </MeshContentTask>
    <MeshContentTask Include="Assets\modelData\goal\goal.fbx">
      <Filter>Assets\modelData</Filter>
    </MeshContentTask>
    <MeshContentTask Include="Assets\modelData\bullet\bullet.fbx">
      <Filter>Assets\modelData</Filter>
    </MeshContentTask>
    <MeshContentTask Include="Assets\modelData\ball\ball.fbx">
      <Filter>Assets\modelData</Filter>
    </MeshContentTask>
    <MeshContentTask Include="Assets\modelData\rockdoor\rockdoor.fbx">
      <Filter>Assets\modelData</Filter>
    </MeshContentTask>
    <MeshContentTask Include="Assets\modelData\bulletstack\bulletstack.fbx">
      <Filter>Assets\modelData</Filter>
    </MeshContentTask>
    <MeshContentTask Include="Assets\modelData\mapChip\stage1.fbx">
      <Filter>Assets\modelData</Filter>
    </MeshContentTask>
    <MeshContentTask Include="Assets\modelData\ceiling\ceiling.fbx">
      <Filter>Assets</Filter>
    </MeshContentTask>
    <MeshContentTask Include="Assets\modelData\mapChip\wall.fbx">
      <Filter>Assets\modelData</Filter>
    </MeshContentTask>
  </ItemGroup>
  <ItemGroup>
    <ResourceCompile Include="Game.rc">
      <Filter>Engine\resource</Filter>
    </ResourceCompile>
  </ItemGroup>
</Project>